// !$*UTF8*$!
{
	archiveVersion = 1;
	classes = {
	};
	objectVersion = 50;
	objects = {

/* Begin PBXBuildFile section */
		7ACBD78C2150287D0085B97E /* AppDelegate.swift in Sources */ = {isa = PBXBuildFile; fileRef = 7ACBD78B2150287D0085B97E /* AppDelegate.swift */; };
		7ACBD78E2150287D0085B97E /* art.scnassets in Resources */ = {isa = PBXBuildFile; fileRef = 7ACBD78D2150287D0085B97E /* art.scnassets */; };
		7ACBD7902150287D0085B97E /* ViewController.swift in Sources */ = {isa = PBXBuildFile; fileRef = 7ACBD78F2150287D0085B97E /* ViewController.swift */; };
		7ACBD7932150287D0085B97E /* Main.storyboard in Resources */ = {isa = PBXBuildFile; fileRef = 7ACBD7912150287D0085B97E /* Main.storyboard */; };
		7ACBD7952150287E0085B97E /* Assets.xcassets in Resources */ = {isa = PBXBuildFile; fileRef = 7ACBD7942150287E0085B97E /* Assets.xcassets */; };
		7ACBD7982150287E0085B97E /* LaunchScreen.storyboard in Resources */ = {isa = PBXBuildFile; fileRef = 7ACBD7962150287E0085B97E /* LaunchScreen.storyboard */; };
/* End PBXBuildFile section */

/* Begin PBXFileReference section */
		7ACBD7882150287D0085B97E /* AR interaction.app */ = {isa = PBXFileReference; explicitFileType = wrapper.application; includeInIndex = 0; path = "AR interaction.app"; sourceTree = BUILT_PRODUCTS_DIR; };
		7ACBD78B2150287D0085B97E /* AppDelegate.swift */ = {isa = PBXFileReference; lastKnownFileType = sourcecode.swift; path = AppDelegate.swift; sourceTree = "<group>"; };
		7ACBD78D2150287D0085B97E /* art.scnassets */ = {isa = PBXFileReference; lastKnownFileType = wrapper.scnassets; path = art.scnassets; sourceTree = "<group>"; };
		7ACBD78F2150287D0085B97E /* ViewController.swift */ = {isa = PBXFileReference; lastKnownFileType = sourcecode.swift; path = ViewController.swift; sourceTree = "<group>"; };
		7ACBD7922150287D0085B97E /* Base */ = {isa = PBXFileReference; lastKnownFileType = file.storyboard; name = Base; path = Base.lproj/Main.storyboard; sourceTree = "<group>"; };
		7ACBD7942150287E0085B97E /* Assets.xcassets */ = {isa = PBXFileReference; lastKnownFileType = folder.assetcatalog; path = Assets.xcassets; sourceTree = "<group>"; };
		7ACBD7972150287E0085B97E /* Base */ = {isa = PBXFileReference; lastKnownFileType = file.storyboard; name = Base; path = Base.lproj/LaunchScreen.storyboard; sourceTree = "<group>"; };
		7ACBD7992150287E0085B97E /* Info.plist */ = {isa = PBXFileReference; lastKnownFileType = text.plist.xml; path = Info.plist; sourceTree = "<group>"; };
/* End PBXFileReference section */

/* Begin PBXFrameworksBuildPhase section */
		7ACBD7852150287D0085B97E /* Frameworks */ = {
			isa = PBXFrameworksBuildPhase;
			buildActionMask = 2147483647;
			files = (
			);
			runOnlyForDeploymentPostprocessing = 0;
		};
/* End PBXFrameworksBuildPhase section */

/* Begin PBXGroup section */
		7ACBD77F2150287D0085B97E = {
			isa = PBXGroup;
			children = (
				7ACBD78A2150287D0085B97E /* AR interaction */,
				7ACBD7892150287D0085B97E /* Products */,
			);
			sourceTree = "<group>";
		};
		7ACBD7892150287D0085B97E /* Products */ = {
			isa = PBXGroup;
			children = (
				7ACBD7882150287D0085B97E /* AR interaction.app */,
			);
			name = Products;
			sourceTree = "<group>";
		};
		7ACBD78A2150287D0085B97E /* AR interaction */ = {
			isa = PBXGroup;
			children = (
				7ACBD78B2150287D0085B97E /* AppDelegate.swift */,
				7ACBD78D2150287D0085B97E /* art.scnassets */,
				7ACBD78F2150287D0085B97E /* ViewController.swift */,
				7ACBD7912150287D0085B97E /* Main.storyboard */,
				7ACBD7942150287E0085B97E /* Assets.xcassets */,
				7ACBD7962150287E0085B97E /* LaunchScreen.storyboard */,
				7ACBD7992150287E0085B97E /* Info.plist */,
			);
			path = "AR interaction";
			sourceTree = "<group>";
		};
/* End PBXGroup section */

/* Begin PBXNativeTarget section */
		7ACBD7872150287D0085B97E /* AR interaction */ = {
			isa = PBXNativeTarget;
			buildConfigurationList = 7ACBD79C2150287E0085B97E /* Build configuration list for PBXNativeTarget "AR interaction" */;
			buildPhases = (
				7ACBD7842150287D0085B97E /* Sources */,
				7ACBD7852150287D0085B97E /* Frameworks */,
				7ACBD7862150287D0085B97E /* Resources */,
			);
			buildRules = (
			);
			dependencies = (
			);
			name = "AR interaction";
			productName = "AR interaction";
			productReference = 7ACBD7882150287D0085B97E /* AR interaction.app */;
			productType = "com.apple.product-type.application";
		};
/* End PBXNativeTarget section */

/* Begin PBXProject section */
		7ACBD7802150287D0085B97E /* Project object */ = {
			isa = PBXProject;
			attributes = {
				LastSwiftUpdateCheck = 1000;
				LastUpgradeCheck = 1000;
				ORGANIZATIONNAME = "Denis Zubkov";
				TargetAttributes = {
					7ACBD7872150287D0085B97E = {
						CreatedOnToolsVersion = 10.0;
					};
				};
			};
			buildConfigurationList = 7ACBD7832150287D0085B97E /* Build configuration list for PBXProject "AR interaction" */;
			compatibilityVersion = "Xcode 9.3";
			developmentRegion = en;
			hasScannedForEncodings = 0;
			knownRegions = (
				en,
				Base,
			);
			mainGroup = 7ACBD77F2150287D0085B97E;
			productRefGroup = 7ACBD7892150287D0085B97E /* Products */;
			projectDirPath = "";
			projectRoot = "";
			targets = (
				7ACBD7872150287D0085B97E /* AR interaction */,
			);
		};
/* End PBXProject section */

/* Begin PBXResourcesBuildPhase section */
		7ACBD7862150287D0085B97E /* Resources */ = {
			isa = PBXResourcesBuildPhase;
			buildActionMask = 2147483647;
			files = (
				7ACBD78E2150287D0085B97E /* art.scnassets in Resources */,
				7ACBD7982150287E0085B97E /* LaunchScreen.storyboard in Resources */,
				7ACBD7952150287E0085B97E /* Assets.xcassets in Resources */,
				7ACBD7932150287D0085B97E /* Main.storyboard in Resources */,
			);
			runOnlyForDeploymentPostprocessing = 0;
		};
/* End PBXResourcesBuildPhase section */

/* Begin PBXSourcesBuildPhase section */
		7ACBD7842150287D0085B97E /* Sources */ = {
			isa = PBXSourcesBuildPhase;
			buildActionMask = 2147483647;
			files = (
				7ACBD7902150287D0085B97E /* ViewController.swift in Sources */,
				7ACBD78C2150287D0085B97E /* AppDelegate.swift in Sources */,
			);
			runOnlyForDeploymentPostprocessing = 0;
		};
/* End PBXSourcesBuildPhase section */

/* Begin PBXVariantGroup section */
		7ACBD7912150287D0085B97E /* Main.storyboard */ = {
			isa = PBXVariantGroup;
			children = (
				7ACBD7922150287D0085B97E /* Base */,
			);
			name = Main.storyboard;
			sourceTree = "<group>";
		};
		7ACBD7962150287E0085B97E /* LaunchScreen.storyboard */ = {
			isa = PBXVariantGroup;
			children = (
				7ACBD7972150287E0085B97E /* Base */,
			);
			name = LaunchScreen.storyboard;
			sourceTree = "<group>";
		};
/* End PBXVariantGroup section */

/* Begin XCBuildConfiguration section */
		7ACBD79A2150287E0085B97E /* Debug */ = {
			isa = XCBuildConfiguration;
			buildSettings = {
				ALWAYS_SEARCH_USER_PATHS = NO;
				CLANG_ANALYZER_NONNULL = YES;
				CLANG_ANALYZER_NUMBER_OBJECT_CONVERSION = YES_AGGRESSIVE;
				CLANG_CXX_LANGUAGE_STANDARD = "gnu++14";
				CLANG_CXX_LIBRARY = "libc++";
				CLANG_ENABLE_MODULES = YES;
				CLANG_ENABLE_OBJC_ARC = YES;
				CLANG_ENABLE_OBJC_WEAK = YES;
				CLANG_WARN_BLOCK_CAPTURE_AUTORELEASING = YES;
				CLANG_WARN_BOOL_CONVERSION = YES;
				CLANG_WARN_COMMA = YES;
				CLANG_WARN_CONSTANT_CONVERSION = YES;
				CLANG_WARN_DEPRECATED_OBJC_IMPLEMENTATIONS = YES;
				CLANG_WARN_DIRECT_OBJC_ISA_USAGE = YES_ERROR;
				CLANG_WARN_DOCUMENTATION_COMMENTS = YES;
				CLANG_WARN_EMPTY_BODY = YES;
				CLANG_WARN_ENUM_CONVERSION = YES;
				CLANG_WARN_INFINITE_RECURSION = YES;
				CLANG_WARN_INT_CONVERSION = YES;
				CLANG_WARN_NON_LITERAL_NULL_CONVERSION = YES;
				CLANG_WARN_OBJC_IMPLICIT_RETAIN_SELF = YES;
				CLANG_WARN_OBJC_LITERAL_CONVERSION = YES;
				CLANG_WARN_OBJC_ROOT_CLASS = YES_ERROR;
				CLANG_WARN_RANGE_LOOP_ANALYSIS = YES;
				CLANG_WARN_STRICT_PROTOTYPES = YES;
				CLANG_WARN_SUSPICIOUS_MOVE = YES;
				CLANG_WARN_UNGUARDED_AVAILABILITY = YES_AGGRESSIVE;
				CLANG_WARN_UNREACHABLE_CODE = YES;
				CLANG_WARN__DUPLICATE_METHOD_MATCH = YES;
				CODE_SIGN_IDENTITY = "iPhone Developer";
				COPY_PHASE_STRIP = NO;
				DEBUG_INFORMATION_FORMAT = dwarf;
				ENABLE_STRICT_OBJC_MSGSEND = YES;
				ENABLE_TESTABILITY = YES;
				GCC_C_LANGUAGE_STANDARD = gnu11;
				GCC_DYNAMIC_NO_PIC = NO;
				GCC_NO_COMMON_BLOCKS = YES;
				GCC_OPTIMIZATION_LEVEL = 0;
				GCC_PREPROCESSOR_DEFINITIONS = (
					"DEBUG=1",
					"$(inherited)",
				);
				GCC_WARN_64_TO_32_BIT_CONVERSION = YES;
				GCC_WARN_ABOUT_RETURN_TYPE = YES_ERROR;
				GCC_WARN_UNDECLARED_SELECTOR = YES;
				GCC_WARN_UNINITIALIZED_AUTOS = YES_AGGRESSIVE;
				GCC_WARN_UNUSED_FUNCTION = YES;
				GCC_WARN_UNUSED_VARIABLE = YES;
				IPHONEOS_DEPLOYMENT_TARGET = 12.0;
				MTL_ENABLE_DEBUG_INFO = INCLUDE_SOURCE;
				MTL_FAST_MATH = YES;
				ONLY_ACTIVE_ARCH = YES;
				SDKROOT = iphoneos;
				SWIFT_ACTIVE_COMPILATION_CONDITIONS = DEBUG;
				SWIFT_OPTIMIZATION_LEVEL = "-Onone";
			};
			name = Debug;
		};
		7ACBD79B2150287E0085B97E /* Release */ = {
			isa = XCBuildConfiguration;
			buildSettings = {
				ALWAYS_SEARCH_USER_PATHS = NO;
				CLANG_ANALYZER_NONNULL = YES;
				CLANG_ANALYZER_NUMBER_OBJECT_CONVERSION = YES_AGGRESSIVE;
				CLANG_CXX_LANGUAGE_STANDARD = "gnu++14";
				CLANG_CXX_LIBRARY = "libc++";
				CLANG_ENABLE_MODULES = YES;
				CLANG_ENABLE_OBJC_ARC = YES;
				CLANG_ENABLE_OBJC_WEAK = YES;
				CLANG_WARN_BLOCK_CAPTURE_AUTORELEASING = YES;
				CLANG_WARN_BOOL_CONVERSION = YES;
				CLANG_WARN_COMMA = YES;
				CLANG_WARN_CONSTANT_CONVERSION = YES;
				CLANG_WARN_DEPRECATED_OBJC_IMPLEMENTATIONS = YES;
				CLANG_WARN_DIRECT_OBJC_ISA_USAGE = YES_ERROR;
				CLANG_WARN_DOCUMENTATION_COMMENTS = YES;
				CLANG_WARN_EMPTY_BODY = YES;
				CLANG_WARN_ENUM_CONVERSION = YES;
				CLANG_WARN_INFINITE_RECURSION = YES;
				CLANG_WARN_INT_CONVERSION = YES;
				CLANG_WARN_NON_LITERAL_NULL_CONVERSION = YES;
				CLANG_WARN_OBJC_IMPLICIT_RETAIN_SELF = YES;
				CLANG_WARN_OBJC_LITERAL_CONVERSION = YES;
				CLANG_WARN_OBJC_ROOT_CLASS = YES_ERROR;
				CLANG_WARN_RANGE_LOOP_ANALYSIS = YES;
				CLANG_WARN_STRICT_PROTOTYPES = YES;
				CLANG_WARN_SUSPICIOUS_MOVE = YES;
				CLANG_WARN_UNGUARDED_AVAILABILITY = YES_AGGRESSIVE;
				CLANG_WARN_UNREACHABLE_CODE = YES;
				CLANG_WARN__DUPLICATE_METHOD_MATCH = YES;
				CODE_SIGN_IDENTITY = "iPhone Developer";
				COPY_PHASE_STRIP = NO;
				DEBUG_INFORMATION_FORMAT = "dwarf-with-dsym";
				ENABLE_NS_ASSERTIONS = NO;
				ENABLE_STRICT_OBJC_MSGSEND = YES;
				GCC_C_LANGUAGE_STANDARD = gnu11;
				GCC_NO_COMMON_BLOCKS = YES;
				GCC_WARN_64_TO_32_BIT_CONVERSION = YES;
				GCC_WARN_ABOUT_RETURN_TYPE = YES_ERROR;
				GCC_WARN_UNDECLARED_SELECTOR = YES;
				GCC_WARN_UNINITIALIZED_AUTOS = YES_AGGRESSIVE;
				GCC_WARN_UNUSED_FUNCTION = YES;
				GCC_WARN_UNUSED_VARIABLE = YES;
				IPHONEOS_DEPLOYMENT_TARGET = 12.0;
				MTL_ENABLE_DEBUG_INFO = NO;
				MTL_FAST_MATH = YES;
				SDKROOT = iphoneos;
				SWIFT_COMPILATION_MODE = wholemodule;
				SWIFT_OPTIMIZATION_LEVEL = "-O";
				VALIDATE_PRODUCT = YES;
			};
			name = Release;
		};
		7ACBD79D2150287E0085B97E /* Debug */ = {
			isa = XCBuildConfiguration;
			buildSettings = {
				ASSETCATALOG_COMPILER_APPICON_NAME = AppIcon;
				CODE_SIGN_STYLE = Automatic;
				DEVELOPMENT_TEAM = KA9VGY5669;
				INFOPLIST_FILE = "AR interaction/Info.plist";
				LD_RUNPATH_SEARCH_PATHS = (
					"$(inherited)",
					"@executable_path/Frameworks",
				);
				PRODUCT_BUNDLE_IDENTIFIER = "Denis-Zubkov.AR-interaction";
				PRODUCT_NAME = "$(TARGET_NAME)";
				SWIFT_VERSION = 4.2;
				TARGETED_DEVICE_FAMILY = "1,2";
			};
			name = Debug;
		};
		7ACBD79E2150287E0085B97E /* Release */ = {
			isa = XCBuildConfiguration;
			buildSettings = {
				ASSETCATALOG_COMPILER_APPICON_NAME = AppIcon;
				CODE_SIGN_STYLE = Automatic;
				DEVELOPMENT_TEAM = KA9VGY5669;
				INFOPLIST_FILE = "AR interaction/Info.plist";
				LD_RUNPATH_SEARCH_PATHS = (
					"$(inherited)",
					"@executable_path/Frameworks",
				);
				PRODUCT_BUNDLE_IDENTIFIER = "Denis-Zubkov.AR-interaction";
				PRODUCT_NAME = "$(TARGET_NAME)";
				SWIFT_VERSION = 4.2;
				TARGETED_DEVICE_FAMILY = "1,2";
			};
			name = Release;
		};
/* End XCBuildConfiguration section */

/* Begin XCConfigurationList section */
		7ACBD7832150287D0085B97E /* Build configuration list for PBXProject "AR interaction" */ = {
			isa = XCConfigurationList;
			buildConfigurations = (
				7ACBD79A2150287E0085B97E /* Debug */,
				7ACBD79B2150287E0085B97E /* Release */,
			);
			defaultConfigurationIsVisible = 0;
			defaultConfigurationName = Release;
		};
		7ACBD79C2150287E0085B97E /* Build configuration list for PBXNativeTarget "AR interaction" */ = {
			isa = XCConfigurationList;
			buildConfigurations = (
				7ACBD79D2150287E0085B97E /* Debug */,
				7ACBD79E2150287E0085B97E /* Release */,
			);
			defaultConfigurationIsVisible = 0;
			defaultConfigurationName = Release;
		};
/* End XCConfigurationList section */
	};
	rootObject = 7ACBD7802150287D0085B97E /* Project object */;
}
